
Microsoft Visual Studio Solution File, Format Version 12.00
# Visual Studio 15
VisualStudioVersion = 15.0.28010.2003
MinimumVisualStudioVersion = 10.0.40219.1
Project("{FAE04EC0-301F-11D3-BF4B-00C04F79EFBC}") = "PizzaByteSite", "PizzaByteSite\PizzaByteSite.csproj", "{137833FC-20C9-455B-9E2D-A7F562820336}"
EndProject
Project("{FAE04EC0-301F-11D3-BF4B-00C04F79EFBC}") = "PizzaByteDto", "PizzaByteDto\PizzaByteDto.csproj", "{CAE8A043-3C1C-4E6A-9348-5B58ADB1D07F}"
EndProject
Project("{FAE04EC0-301F-11D3-BF4B-00C04F79EFBC}") = "PizzaByteVo", "PizzaByteVo\PizzaByteVo.csproj", "{658C796C-1C25-428B-94F0-2EE5F82CDCCF}"
EndProject
Project("{FAE04EC0-301F-11D3-BF4B-00C04F79EFBC}") = "PizzaByteEnum", "PizzaByteEnum\PizzaByteEnum.csproj", "{00EDC6CE-BCDF-4A00-AB19-D49737C613A0}"
EndProject
Project("{FAE04EC0-301F-11D3-BF4B-00C04F79EFBC}") = "PizzaByteBll", "PizzaByteBll\PizzaByteBll.csproj", "{D96C353C-CAA3-4C1C-A90E-BA732818AB53}"
EndProject
Project("{FAE04EC0-301F-11D3-BF4B-00C04F79EFBC}") = "PizzaByteDal", "PizzaByteDal\PizzaByteDal.csproj", "{20520FF0-84AF-47CF-BB39-9D362CC434EF}"
EndProject
Project("{FAE04EC0-301F-11D3-BF4B-00C04F79EFBC}") = "PizzaByteTestesUnitarios", "PizzaByteTestesUnitarios\PizzaByteTestesUnitarios.csproj", "{05A9E993-FE13-41F0-ADF9-529D97CFC3F5}"
EndProject
Global
	GlobalSection(SolutionConfigurationPlatforms) = preSolution
		Debug|Any CPU = Debug|Any CPU
		Release|Any CPU = Release|Any CPU
	EndGlobalSection
	GlobalSection(ProjectConfigurationPlatforms) = postSolution
		{137833FC-20C9-455B-9E2D-A7F562820336}.Debug|Any CPU.ActiveCfg = Debug|Any CPU
		{137833FC-20C9-455B-9E2D-A7F562820336}.Debug|Any CPU.Build.0 = Debug|Any CPU
		{137833FC-20C9-455B-9E2D-A7F562820336}.Release|Any CPU.ActiveCfg = Release|Any CPU
		{137833FC-20C9-455B-9E2D-A7F562820336}.Release|Any CPU.Build.0 = Release|Any CPU
		{CAE8A043-3C1C-4E6A-9348-5B58ADB1D07F}.Debug|Any CPU.ActiveCfg = Debug|Any CPU
		{CAE8A043-3C1C-4E6A-9348-5B58ADB1D07F}.Debug|Any CPU.Build.0 = Debug|Any CPU
		{CAE8A043-3C1C-4E6A-9348-5B58ADB1D07F}.Release|Any CPU.ActiveCfg = Release|Any CPU
		{CAE8A043-3C1C-4E6A-9348-5B58ADB1D07F}.Release|Any CPU.Build.0 = Release|Any CPU
		{658C796C-1C25-428B-94F0-2EE5F82CDCCF}.Debug|Any CPU.ActiveCfg = Debug|Any CPU
		{658C796C-1C25-428B-94F0-2EE5F82CDCCF}.Debug|Any CPU.Build.0 = Debug|Any CPU
		{658C796C-1C25-428B-94F0-2EE5F82CDCCF}.Release|Any CPU.ActiveCfg = Release|Any CPU
		{658C796C-1C25-428B-94F0-2EE5F82CDCCF}.Release|Any CPU.Build.0 = Release|Any CPU
		{00EDC6CE-BCDF-4A00-AB19-D49737C613A0}.Debug|Any CPU.ActiveCfg = Debug|Any CPU
		{00EDC6CE-BCDF-4A00-AB19-D49737C613A0}.Debug|Any CPU.Build.0 = Debug|Any CPU
		{00EDC6CE-BCDF-4A00-AB19-D49737C613A0}.Release|Any CPU.ActiveCfg = Release|Any CPU
		{00EDC6CE-BCDF-4A00-AB19-D49737C613A0}.Release|Any CPU.Build.0 = Release|Any CPU
		{D96C353C-CAA3-4C1C-A90E-BA732818AB53}.Debug|Any CPU.ActiveCfg = Debug|Any CPU
		{D96C353C-CAA3-4C1C-A90E-BA732818AB53}.Debug|Any CPU.Build.0 = Debug|Any CPU
		{D96C353C-CAA3-4C1C-A90E-BA732818AB53}.Release|Any CPU.ActiveCfg = Release|Any CPU
		{D96C353C-CAA3-4C1C-A90E-BA732818AB53}.Release|Any CPU.Build.0 = Release|Any CPU
		{20520FF0-84AF-47CF-BB39-9D362CC434EF}.Debug|Any CPU.ActiveCfg = Debug|Any CPU
		{20520FF0-84AF-47CF-BB39-9D362CC434EF}.Debug|Any CPU.Build.0 = Debug|Any CPU
		{20520FF0-84AF-47CF-BB39-9D362CC434EF}.Release|Any CPU.ActiveCfg = Release|Any CPU
		{20520FF0-84AF-47CF-BB39-9D362CC434EF}.Release|Any CPU.Build.0 = Release|Any CPU
		{05A9E993-FE13-41F0-ADF9-529D97CFC3F5}.Debug|Any CPU.ActiveCfg = Debug|Any CPU
		{05A9E993-FE13-41F0-ADF9-529D97CFC3F5}.Debug|Any CPU.Build.0 = Debug|Any CPU
		{05A9E993-FE13-41F0-ADF9-529D97CFC3F5}.Release|Any CPU.ActiveCfg = Release|Any CPU
		{05A9E993-FE13-41F0-ADF9-529D97CFC3F5}.Release|Any CPU.Build.0 = Release|Any CPU
	EndGlobalSection
	GlobalSection(SolutionProperties) = preSolution
		HideSolutionNode = FALSE
	EndGlobalSection
	GlobalSection(ExtensibilityGlobals) = postSolution
		SolutionGuid = {01FB6A2F-A998-4F8C-A3DE-FFDE92682602}
	EndGlobalSection
EndGlobal
